// !$*UTF8*$!
{
	archiveVersion = 1;
	classes = {
	};
	objectVersion = 55;
	objects = {

/* Begin PBXBuildFile section */
		094808F329FDF8630013FAB2 /* SearchView.swift in Sources */ = {isa = PBXBuildFile; fileRef = 094808F229FDF8630013FAB2 /* SearchView.swift */; };
		0950B28A29FD730E00E42049 /* MovilityAppApp.swift in Sources */ = {isa = PBXBuildFile; fileRef = 0950B28929FD730E00E42049 /* MovilityAppApp.swift */; };
		0950B29129FD731100E42049 /* Preview Assets.xcassets in Resources */ = {isa = PBXBuildFile; fileRef = 0950B29029FD731100E42049 /* Preview Assets.xcassets */; };
		0950B2A029FD731200E42049 /* MovilityAppTests.swift in Sources */ = {isa = PBXBuildFile; fileRef = 0950B29F29FD731200E42049 /* MovilityAppTests.swift */; };
		0950B2AA29FD731200E42049 /* MovilityAppUITests.swift in Sources */ = {isa = PBXBuildFile; fileRef = 0950B2A929FD731200E42049 /* MovilityAppUITests.swift */; };
		0950B2AC29FD731200E42049 /* MovilityAppUITestsLaunchTests.swift in Sources */ = {isa = PBXBuildFile; fileRef = 0950B2AB29FD731200E42049 /* MovilityAppUITestsLaunchTests.swift */; };
		0950B2B929FD96F200E42049 /* LoginView.swift in Sources */ = {isa = PBXBuildFile; fileRef = 0950B2B829FD96F100E42049 /* LoginView.swift */; };
		0950B2BD29FD989900E42049 /* Colors.xcassets in Resources */ = {isa = PBXBuildFile; fileRef = 0950B2BC29FD989900E42049 /* Colors.xcassets */; };
		0950B2BF29FD9E0400E42049 /* IntroductionView.swift in Sources */ = {isa = PBXBuildFile; fileRef = 0950B2BE29FD9E0400E42049 /* IntroductionView.swift */; };
		0950B2C129FD9E1D00E42049 /* Images.xcassets in Resources */ = {isa = PBXBuildFile; fileRef = 0950B2C029FD9E1D00E42049 /* Images.xcassets */; };
		0960A0BE29FDEAC300A3D410 /* RegisterView.swift in Sources */ = {isa = PBXBuildFile; fileRef = 0960A0BD29FDEAC300A3D410 /* RegisterView.swift */; };
		09AF4DA729FEDAFE00E69316 /* TerminalsView.swift in Sources */ = {isa = PBXBuildFile; fileRef = 09AF4DA629FEDAFE00E69316 /* TerminalsView.swift */; };
		09AF4DAB29FEDB8800E69316 /* API.swift in Sources */ = {isa = PBXBuildFile; fileRef = 09AF4DAA29FEDB8800E69316 /* API.swift */; };
/* End PBXBuildFile section */

/* Begin PBXContainerItemProxy section */
		0950B29C29FD731200E42049 /* PBXContainerItemProxy */ = {
			isa = PBXContainerItemProxy;
			containerPortal = 0950B27E29FD730E00E42049 /* Project object */;
			proxyType = 1;
			remoteGlobalIDString = 0950B28529FD730E00E42049;
			remoteInfo = MovilityApp;
		};
		0950B2A629FD731200E42049 /* PBXContainerItemProxy */ = {
			isa = PBXContainerItemProxy;
			containerPortal = 0950B27E29FD730E00E42049 /* Project object */;
			proxyType = 1;
			remoteGlobalIDString = 0950B28529FD730E00E42049;
			remoteInfo = MovilityApp;
		};
/* End PBXContainerItemProxy section */

/* Begin PBXFileReference section */
		094808F229FDF8630013FAB2 /* SearchView.swift */ = {isa = PBXFileReference; lastKnownFileType = sourcecode.swift; path = SearchView.swift; sourceTree = "<group>"; };
		0950B28629FD730E00E42049 /* MovilityApp.app */ = {isa = PBXFileReference; explicitFileType = wrapper.application; includeInIndex = 0; path = MovilityApp.app; sourceTree = BUILT_PRODUCTS_DIR; };
		0950B28929FD730E00E42049 /* MovilityAppApp.swift */ = {isa = PBXFileReference; lastKnownFileType = sourcecode.swift; path = MovilityAppApp.swift; sourceTree = "<group>"; };
		0950B29029FD731100E42049 /* Preview Assets.xcassets */ = {isa = PBXFileReference; lastKnownFileType = folder.assetcatalog; path = "Preview Assets.xcassets"; sourceTree = "<group>"; };
		0950B29B29FD731200E42049 /* MovilityAppTests.xctest */ = {isa = PBXFileReference; explicitFileType = wrapper.cfbundle; includeInIndex = 0; path = MovilityAppTests.xctest; sourceTree = BUILT_PRODUCTS_DIR; };
		0950B29F29FD731200E42049 /* MovilityAppTests.swift */ = {isa = PBXFileReference; lastKnownFileType = sourcecode.swift; path = MovilityAppTests.swift; sourceTree = "<group>"; };
		0950B2A529FD731200E42049 /* MovilityAppUITests.xctest */ = {isa = PBXFileReference; explicitFileType = wrapper.cfbundle; includeInIndex = 0; path = MovilityAppUITests.xctest; sourceTree = BUILT_PRODUCTS_DIR; };
		0950B2A929FD731200E42049 /* MovilityAppUITests.swift */ = {isa = PBXFileReference; lastKnownFileType = sourcecode.swift; path = MovilityAppUITests.swift; sourceTree = "<group>"; };
		0950B2AB29FD731200E42049 /* MovilityAppUITestsLaunchTests.swift */ = {isa = PBXFileReference; lastKnownFileType = sourcecode.swift; path = MovilityAppUITestsLaunchTests.swift; sourceTree = "<group>"; };
		0950B2B829FD96F100E42049 /* LoginView.swift */ = {isa = PBXFileReference; lastKnownFileType = sourcecode.swift; path = LoginView.swift; sourceTree = "<group>"; };
		0950B2BC29FD989900E42049 /* Colors.xcassets */ = {isa = PBXFileReference; lastKnownFileType = folder.assetcatalog; path = Colors.xcassets; sourceTree = "<group>"; };
		0950B2BE29FD9E0400E42049 /* IntroductionView.swift */ = {isa = PBXFileReference; lastKnownFileType = sourcecode.swift; path = IntroductionView.swift; sourceTree = "<group>"; };
		0950B2C029FD9E1D00E42049 /* Images.xcassets */ = {isa = PBXFileReference; lastKnownFileType = folder.assetcatalog; path = Images.xcassets; sourceTree = "<group>"; };
		0960A0BD29FDEAC300A3D410 /* RegisterView.swift */ = {isa = PBXFileReference; lastKnownFileType = sourcecode.swift; path = RegisterView.swift; sourceTree = "<group>"; };
		09AF4DA629FEDAFE00E69316 /* TerminalsView.swift */ = {isa = PBXFileReference; lastKnownFileType = sourcecode.swift; path = TerminalsView.swift; sourceTree = "<group>"; };
		09AF4DAA29FEDB8800E69316 /* API.swift */ = {isa = PBXFileReference; lastKnownFileType = sourcecode.swift; path = API.swift; sourceTree = "<group>"; };
/* End PBXFileReference section */

/* Begin PBXFrameworksBuildPhase section */
		0950B28329FD730E00E42049 /* Frameworks */ = {
			isa = PBXFrameworksBuildPhase;
			buildActionMask = 2147483647;
			files = (
			);
			runOnlyForDeploymentPostprocessing = 0;
		};
		0950B29829FD731200E42049 /* Frameworks */ = {
			isa = PBXFrameworksBuildPhase;
			buildActionMask = 2147483647;
			files = (
			);
			runOnlyForDeploymentPostprocessing = 0;
		};
		0950B2A229FD731200E42049 /* Frameworks */ = {
			isa = PBXFrameworksBuildPhase;
			buildActionMask = 2147483647;
			files = (
			);
			runOnlyForDeploymentPostprocessing = 0;
		};
/* End PBXFrameworksBuildPhase section */

/* Begin PBXGroup section */
		094808F029FDF7AC0013FAB2 /* Views */ = {
			isa = PBXGroup;
			children = (
				0960A0BD29FDEAC300A3D410 /* RegisterView.swift */,
				0950B2B829FD96F100E42049 /* LoginView.swift */,
				0950B2BE29FD9E0400E42049 /* IntroductionView.swift */,
				094808F229FDF8630013FAB2 /* SearchView.swift */,
				09AF4DA629FEDAFE00E69316 /* TerminalsView.swift */,
			);
			path = Views;
			sourceTree = "<group>";
		};
		094808F129FDF7D80013FAB2 /* Assets */ = {
			isa = PBXGroup;
			children = (
				0950B2C029FD9E1D00E42049 /* Images.xcassets */,
				0950B2BC29FD989900E42049 /* Colors.xcassets */,
			);
			path = Assets;
			sourceTree = "<group>";
		};
		0950B27D29FD730E00E42049 = {
			isa = PBXGroup;
			children = (
				0950B28829FD730E00E42049 /* MovilityApp */,
				0950B29E29FD731200E42049 /* MovilityAppTests */,
				0950B2A829FD731200E42049 /* MovilityAppUITests */,
				0950B28729FD730E00E42049 /* Products */,
			);
			sourceTree = "<group>";
		};
		0950B28729FD730E00E42049 /* Products */ = {
			isa = PBXGroup;
			children = (
				0950B28629FD730E00E42049 /* MovilityApp.app */,
				0950B29B29FD731200E42049 /* MovilityAppTests.xctest */,
				0950B2A529FD731200E42049 /* MovilityAppUITests.xctest */,
			);
			name = Products;
			sourceTree = "<group>";
		};
		0950B28829FD730E00E42049 /* MovilityApp */ = {
			isa = PBXGroup;
			children = (
				094808F129FDF7D80013FAB2 /* Assets */,
				094808F029FDF7AC0013FAB2 /* Views */,
				0950B2C229FDBEDA00E42049 /* ViewModel */,
				0950B28929FD730E00E42049 /* MovilityAppApp.swift */,
				0950B28F29FD731100E42049 /* Preview Content */,
			);
			path = MovilityApp;
			sourceTree = "<group>";
		};
		0950B28F29FD731100E42049 /* Preview Content */ = {
			isa = PBXGroup;
			children = (
				0950B29029FD731100E42049 /* Preview Assets.xcassets */,
			);
			path = "Preview Content";
			sourceTree = "<group>";
		};
		0950B29E29FD731200E42049 /* MovilityAppTests */ = {
			isa = PBXGroup;
			children = (
				0950B29F29FD731200E42049 /* MovilityAppTests.swift */,
			);
			path = MovilityAppTests;
			sourceTree = "<group>";
		};
		0950B2A829FD731200E42049 /* MovilityAppUITests */ = {
			isa = PBXGroup;
			children = (
				0950B2A929FD731200E42049 /* MovilityAppUITests.swift */,
				0950B2AB29FD731200E42049 /* MovilityAppUITestsLaunchTests.swift */,
			);
			path = MovilityAppUITests;
			sourceTree = "<group>";
		};
		0950B2C229FDBEDA00E42049 /* ViewModel */ = {
			isa = PBXGroup;
			children = (
				09AF4DAA29FEDB8800E69316 /* API.swift */,
			);
			path = ViewModel;
			sourceTree = "<group>";
		};
/* End PBXGroup section */

/* Begin PBXNativeTarget section */
		0950B28529FD730E00E42049 /* MovilityApp */ = {
			isa = PBXNativeTarget;
			buildConfigurationList = 0950B2AF29FD731200E42049 /* Build configuration list for PBXNativeTarget "MovilityApp" */;
			buildPhases = (
				0950B28229FD730E00E42049 /* Sources */,
				0950B28329FD730E00E42049 /* Frameworks */,
				0950B28429FD730E00E42049 /* Resources */,
			);
			buildRules = (
			);
			dependencies = (
			);
			name = MovilityApp;
			productName = MovilityApp;
			productReference = 0950B28629FD730E00E42049 /* MovilityApp.app */;
			productType = "com.apple.product-type.application";
		};
		0950B29A29FD731200E42049 /* MovilityAppTests */ = {
			isa = PBXNativeTarget;
			buildConfigurationList = 0950B2B229FD731200E42049 /* Build configuration list for PBXNativeTarget "MovilityAppTests" */;
			buildPhases = (
				0950B29729FD731200E42049 /* Sources */,
				0950B29829FD731200E42049 /* Frameworks */,
				0950B29929FD731200E42049 /* Resources */,
			);
			buildRules = (
			);
			dependencies = (
				0950B29D29FD731200E42049 /* PBXTargetDependency */,
			);
			name = MovilityAppTests;
			productName = MovilityAppTests;
			productReference = 0950B29B29FD731200E42049 /* MovilityAppTests.xctest */;
			productType = "com.apple.product-type.bundle.unit-test";
		};
		0950B2A429FD731200E42049 /* MovilityAppUITests */ = {
			isa = PBXNativeTarget;
			buildConfigurationList = 0950B2B529FD731200E42049 /* Build configuration list for PBXNativeTarget "MovilityAppUITests" */;
			buildPhases = (
				0950B2A129FD731200E42049 /* Sources */,
				0950B2A229FD731200E42049 /* Frameworks */,
				0950B2A329FD731200E42049 /* Resources */,
			);
			buildRules = (
			);
			dependencies = (
				0950B2A729FD731200E42049 /* PBXTargetDependency */,
			);
			name = MovilityAppUITests;
			productName = MovilityAppUITests;
			productReference = 0950B2A529FD731200E42049 /* MovilityAppUITests.xctest */;
			productType = "com.apple.product-type.bundle.ui-testing";
		};
/* End PBXNativeTarget section */

/* Begin PBXProject section */
		0950B27E29FD730E00E42049 /* Project object */ = {
			isa = PBXProject;
			attributes = {
				BuildIndependentTargetsInParallel = 1;
				LastSwiftUpdateCheck = 1330;
				LastUpgradeCheck = 1330;
				TargetAttributes = {
					0950B28529FD730E00E42049 = {
						CreatedOnToolsVersion = 13.3;
					};
					0950B29A29FD731200E42049 = {
						CreatedOnToolsVersion = 13.3;
						TestTargetID = 0950B28529FD730E00E42049;
					};
					0950B2A429FD731200E42049 = {
						CreatedOnToolsVersion = 13.3;
						TestTargetID = 0950B28529FD730E00E42049;
					};
				};
			};
			buildConfigurationList = 0950B28129FD730E00E42049 /* Build configuration list for PBXProject "MovilityApp" */;
			compatibilityVersion = "Xcode 13.0";
			developmentRegion = en;
			hasScannedForEncodings = 0;
			knownRegions = (
				en,
				Base,
			);
			mainGroup = 0950B27D29FD730E00E42049;
			productRefGroup = 0950B28729FD730E00E42049 /* Products */;
			projectDirPath = "";
			projectRoot = "";
			targets = (
				0950B28529FD730E00E42049 /* MovilityApp */,
				0950B29A29FD731200E42049 /* MovilityAppTests */,
				0950B2A429FD731200E42049 /* MovilityAppUITests */,
			);
		};
/* End PBXProject section */

/* Begin PBXResourcesBuildPhase section */
		0950B28429FD730E00E42049 /* Resources */ = {
			isa = PBXResourcesBuildPhase;
			buildActionMask = 2147483647;
			files = (
				0950B2C129FD9E1D00E42049 /* Images.xcassets in Resources */,
				0950B29129FD731100E42049 /* Preview Assets.xcassets in Resources */,
				0950B2BD29FD989900E42049 /* Colors.xcassets in Resources */,
			);
			runOnlyForDeploymentPostprocessing = 0;
		};
		0950B29929FD731200E42049 /* Resources */ = {
			isa = PBXResourcesBuildPhase;
			buildActionMask = 2147483647;
			files = (
			);
			runOnlyForDeploymentPostprocessing = 0;
		};
		0950B2A329FD731200E42049 /* Resources */ = {
			isa = PBXResourcesBuildPhase;
			buildActionMask = 2147483647;
			files = (
			);
			runOnlyForDeploymentPostprocessing = 0;
		};
/* End PBXResourcesBuildPhase section */

/* Begin PBXSourcesBuildPhase section */
		0950B28229FD730E00E42049 /* Sources */ = {
			isa = PBXSourcesBuildPhase;
			buildActionMask = 2147483647;
			files = (
				09AF4DA729FEDAFE00E69316 /* TerminalsView.swift in Sources */,
				0950B2B929FD96F200E42049 /* LoginView.swift in Sources */,
				0960A0BE29FDEAC300A3D410 /* RegisterView.swift in Sources */,
				0950B2BF29FD9E0400E42049 /* IntroductionView.swift in Sources */,
				094808F329FDF8630013FAB2 /* SearchView.swift in Sources */,
				09AF4DAB29FEDB8800E69316 /* API.swift in Sources */,
				0950B28A29FD730E00E42049 /* MovilityAppApp.swift in Sources */,
			);
			runOnlyForDeploymentPostprocessing = 0;
		};
		0950B29729FD731200E42049 /* Sources */ = {
			isa = PBXSourcesBuildPhase;
			buildActionMask = 2147483647;
			files = (
				0950B2A029FD731200E42049 /* MovilityAppTests.swift in Sources */,
			);
			runOnlyForDeploymentPostprocessing = 0;
		};
		0950B2A129FD731200E42049 /* Sources */ = {
			isa = PBXSourcesBuildPhase;
			buildActionMask = 2147483647;
			files = (
				0950B2AA29FD731200E42049 /* MovilityAppUITests.swift in Sources */,
				0950B2AC29FD731200E42049 /* MovilityAppUITestsLaunchTests.swift in Sources */,
			);
			runOnlyForDeploymentPostprocessing = 0;
		};
/* End PBXSourcesBuildPhase section */

/* Begin PBXTargetDependency section */
		0950B29D29FD731200E42049 /* PBXTargetDependency */ = {
			isa = PBXTargetDependency;
			target = 0950B28529FD730E00E42049 /* MovilityApp */;
			targetProxy = 0950B29C29FD731200E42049 /* PBXContainerItemProxy */;
		};
		0950B2A729FD731200E42049 /* PBXTargetDependency */ = {
			isa = PBXTargetDependency;
			target = 0950B28529FD730E00E42049 /* MovilityApp */;
			targetProxy = 0950B2A629FD731200E42049 /* PBXContainerItemProxy */;
		};
/* End PBXTargetDependency section */

/* Begin XCBuildConfiguration section */
		0950B2AD29FD731200E42049 /* Debug */ = {
			isa = XCBuildConfiguration;
			buildSettings = {
				ALWAYS_SEARCH_USER_PATHS = NO;
				CLANG_ANALYZER_NONNULL = YES;
				CLANG_ANALYZER_NUMBER_OBJECT_CONVERSION = YES_AGGRESSIVE;
				CLANG_CXX_LANGUAGE_STANDARD = "gnu++17";
				CLANG_ENABLE_MODULES = YES;
				CLANG_ENABLE_OBJC_ARC = YES;
				CLANG_ENABLE_OBJC_WEAK = YES;
				CLANG_WARN_BLOCK_CAPTURE_AUTORELEASING = YES;
				CLANG_WARN_BOOL_CONVERSION = YES;
				CLANG_WARN_COMMA = YES;
				CLANG_WARN_CONSTANT_CONVERSION = YES;
				CLANG_WARN_DEPRECATED_OBJC_IMPLEMENTATIONS = YES;
				CLANG_WARN_DIRECT_OBJC_ISA_USAGE = YES_ERROR;
				CLANG_WARN_DOCUMENTATION_COMMENTS = YES;
				CLANG_WARN_EMPTY_BODY = YES;
				CLANG_WARN_ENUM_CONVERSION = YES;
				CLANG_WARN_INFINITE_RECURSION = YES;
				CLANG_WARN_INT_CONVERSION = YES;
				CLANG_WARN_NON_LITERAL_NULL_CONVERSION = YES;
				CLANG_WARN_OBJC_IMPLICIT_RETAIN_SELF = YES;
				CLANG_WARN_OBJC_LITERAL_CONVERSION = YES;
				CLANG_WARN_OBJC_ROOT_CLASS = YES_ERROR;
				CLANG_WARN_QUOTED_INCLUDE_IN_FRAMEWORK_HEADER = YES;
				CLANG_WARN_RANGE_LOOP_ANALYSIS = YES;
				CLANG_WARN_STRICT_PROTOTYPES = YES;
				CLANG_WARN_SUSPICIOUS_MOVE = YES;
				CLANG_WARN_UNGUARDED_AVAILABILITY = YES_AGGRESSIVE;
				CLANG_WARN_UNREACHABLE_CODE = YES;
				CLANG_WARN__DUPLICATE_METHOD_MATCH = YES;
				COPY_PHASE_STRIP = NO;
				DEBUG_INFORMATION_FORMAT = dwarf;
				ENABLE_STRICT_OBJC_MSGSEND = YES;
				ENABLE_TESTABILITY = YES;
				GCC_C_LANGUAGE_STANDARD = gnu11;
				GCC_DYNAMIC_NO_PIC = NO;
				GCC_NO_COMMON_BLOCKS = YES;
				GCC_OPTIMIZATION_LEVEL = 0;
				GCC_PREPROCESSOR_DEFINITIONS = (
					"DEBUG=1",
					"$(inherited)",
				);
				GCC_WARN_64_TO_32_BIT_CONVERSION = YES;
				GCC_WARN_ABOUT_RETURN_TYPE = YES_ERROR;
				GCC_WARN_UNDECLARED_SELECTOR = YES;
				GCC_WARN_UNINITIALIZED_AUTOS = YES_AGGRESSIVE;
				GCC_WARN_UNUSED_FUNCTION = YES;
				GCC_WARN_UNUSED_VARIABLE = YES;
				IPHONEOS_DEPLOYMENT_TARGET = 15.4;
				MTL_ENABLE_DEBUG_INFO = INCLUDE_SOURCE;
				MTL_FAST_MATH = YES;
				ONLY_ACTIVE_ARCH = YES;
				SDKROOT = iphoneos;
				SWIFT_ACTIVE_COMPILATION_CONDITIONS = DEBUG;
				SWIFT_OPTIMIZATION_LEVEL = "-Onone";
			};
			name = Debug;
		};
		0950B2AE29FD731200E42049 /* Release */ = {
			isa = XCBuildConfiguration;
			buildSettings = {
				ALWAYS_SEARCH_USER_PATHS = NO;
				CLANG_ANALYZER_NONNULL = YES;
				CLANG_ANALYZER_NUMBER_OBJECT_CONVERSION = YES_AGGRESSIVE;
				CLANG_CXX_LANGUAGE_STANDARD = "gnu++17";
				CLANG_ENABLE_MODULES = YES;
				CLANG_ENABLE_OBJC_ARC = YES;
				CLANG_ENABLE_OBJC_WEAK = YES;
				CLANG_WARN_BLOCK_CAPTURE_AUTORELEASING = YES;
				CLANG_WARN_BOOL_CONVERSION = YES;
				CLANG_WARN_COMMA = YES;
				CLANG_WARN_CONSTANT_CONVERSION = YES;
				CLANG_WARN_DEPRECATED_OBJC_IMPLEMENTATIONS = YES;
				CLANG_WARN_DIRECT_OBJC_ISA_USAGE = YES_ERROR;
				CLANG_WARN_DOCUMENTATION_COMMENTS = YES;
				CLANG_WARN_EMPTY_BODY = YES;
				CLANG_WARN_ENUM_CONVERSION = YES;
				CLANG_WARN_INFINITE_RECURSION = YES;
				CLANG_WARN_INT_CONVERSION = YES;
				CLANG_WARN_NON_LITERAL_NULL_CONVERSION = YES;
				CLANG_WARN_OBJC_IMPLICIT_RETAIN_SELF = YES;
				CLANG_WARN_OBJC_LITERAL_CONVERSION = YES;
				CLANG_WARN_OBJC_ROOT_CLASS = YES_ERROR;
				CLANG_WARN_QUOTED_INCLUDE_IN_FRAMEWORK_HEADER = YES;
				CLANG_WARN_RANGE_LOOP_ANALYSIS = YES;
				CLANG_WARN_STRICT_PROTOTYPES = YES;
				CLANG_WARN_SUSPICIOUS_MOVE = YES;
				CLANG_WARN_UNGUARDED_AVAILABILITY = YES_AGGRESSIVE;
				CLANG_WARN_UNREACHABLE_CODE = YES;
				CLANG_WARN__DUPLICATE_METHOD_MATCH = YES;
				COPY_PHASE_STRIP = NO;
				DEBUG_INFORMATION_FORMAT = "dwarf-with-dsym";
				ENABLE_NS_ASSERTIONS = NO;
				ENABLE_STRICT_OBJC_MSGSEND = YES;
				GCC_C_LANGUAGE_STANDARD = gnu11;
				GCC_NO_COMMON_BLOCKS = YES;
				GCC_WARN_64_TO_32_BIT_CONVERSION = YES;
				GCC_WARN_ABOUT_RETURN_TYPE = YES_ERROR;
				GCC_WARN_UNDECLARED_SELECTOR = YES;
				GCC_WARN_UNINITIALIZED_AUTOS = YES_AGGRESSIVE;
				GCC_WARN_UNUSED_FUNCTION = YES;
				GCC_WARN_UNUSED_VARIABLE = YES;
				IPHONEOS_DEPLOYMENT_TARGET = 15.4;
				MTL_ENABLE_DEBUG_INFO = NO;
				MTL_FAST_MATH = YES;
				SDKROOT = iphoneos;
				SWIFT_COMPILATION_MODE = wholemodule;
				SWIFT_OPTIMIZATION_LEVEL = "-O";
				VALIDATE_PRODUCT = YES;
			};
			name = Release;
		};
		0950B2B029FD731200E42049 /* Debug */ = {
			isa = XCBuildConfiguration;
			buildSettings = {
				ASSETCATALOG_COMPILER_GLOBAL_ACCENT_COLOR_NAME = AccentColor;
				ASSETCATALOG_COMPILER_INCLUDE_ALL_APPICON_ASSETS = NO;
				CODE_SIGN_STYLE = Automatic;
				CURRENT_PROJECT_VERSION = 1;
				DEVELOPMENT_ASSET_PATHS = "MovilityApp/Preview\\ Content MovilityApp/Assets/Images.xcassets MovilityApp/Assets/Colors.xcassets";
				DEVELOPMENT_TEAM = BAHVW2YTLF;
				ENABLE_PREVIEWS = YES;
				GENERATE_INFOPLIST_FILE = YES;
				INFOPLIST_KEY_UIApplicationSceneManifest_Generation = YES;
				INFOPLIST_KEY_UIApplicationSupportsIndirectInputEvents = YES;
				INFOPLIST_KEY_UILaunchScreen_Generation = YES;
				INFOPLIST_KEY_UILaunchStoryboardName = IntroductionView;
				INFOPLIST_KEY_UISupportedInterfaceOrientations_iPad = "UIInterfaceOrientationPortrait UIInterfaceOrientationPortraitUpsideDown UIInterfaceOrientationLandscapeLeft UIInterfaceOrientationLandscapeRight";
				INFOPLIST_KEY_UISupportedInterfaceOrientations_iPhone = "UIInterfaceOrientationPortrait UIInterfaceOrientationLandscapeLeft UIInterfaceOrientationLandscapeRight";
				LD_RUNPATH_SEARCH_PATHS = (
					"$(inherited)",
					"@executable_path/Frameworks",
				);
				MARKETING_VERSION = 1.0;
				PRODUCT_BUNDLE_IDENTIFIER = up.MovilityApp;
				PRODUCT_NAME = "$(TARGET_NAME)";
				SWIFT_EMIT_LOC_STRINGS = YES;
				SWIFT_VERSION = 5.0;
				TARGETED_DEVICE_FAMILY = "1,2";
			};
			name = Debug;
		};
		0950B2B129FD731200E42049 /* Release */ = {
			isa = XCBuildConfiguration;
			buildSettings = {
				ASSETCATALOG_COMPILER_GLOBAL_ACCENT_COLOR_NAME = AccentColor;
				ASSETCATALOG_COMPILER_INCLUDE_ALL_APPICON_ASSETS = NO;
				CODE_SIGN_STYLE = Automatic;
				CURRENT_PROJECT_VERSION = 1;
				DEVELOPMENT_ASSET_PATHS = "MovilityApp/Preview\\ Content MovilityApp/Assets/Images.xcassets MovilityApp/Assets/Colors.xcassets";
				DEVELOPMENT_TEAM = BAHVW2YTLF;
				ENABLE_PREVIEWS = YES;
				GENERATE_INFOPLIST_FILE = YES;
				INFOPLIST_KEY_UIApplicationSceneManifest_Generation = YES;
				INFOPLIST_KEY_UIApplicationSupportsIndirectInputEvents = YES;
				INFOPLIST_KEY_UILaunchScreen_Generation = YES;
				INFOPLIST_KEY_UILaunchStoryboardName = IntroductionView;
				INFOPLIST_KEY_UISupportedInterfaceOrientations_iPad = "UIInterfaceOrientationPortrait UIInterfaceOrientationPortraitUpsideDown UIInterfaceOrientationLandscapeLeft UIInterfaceOrientationLandscapeRight";
				INFOPLIST_KEY_UISupportedInterfaceOrientations_iPhone = "UIInterfaceOrientationPortrait UIInterfaceOrientationLandscapeLeft UIInterfaceOrientationLandscapeRight";
				LD_RUNPATH_SEARCH_PATHS = (
					"$(inherited)",
					"@executable_path/Frameworks",
				);
				MARKETING_VERSION = 1.0;
				PRODUCT_BUNDLE_IDENTIFIER = up.MovilityApp;
				PRODUCT_NAME = "$(TARGET_NAME)";
				SWIFT_EMIT_LOC_STRINGS = YES;
				SWIFT_VERSION = 5.0;
				TARGETED_DEVICE_FAMILY = "1,2";
			};
			name = Release;
		};
		0950B2B329FD731200E42049 /* Debug */ = {
			isa = XCBuildConfiguration;
			buildSettings = {
				ALWAYS_EMBED_SWIFT_STANDARD_LIBRARIES = YES;
				BUNDLE_LOADER = "$(TEST_HOST)";
				CODE_SIGN_STYLE = Automatic;
				CURRENT_PROJECT_VERSION = 1;
				DEVELOPMENT_TEAM = BAHVW2YTLF;
				GENERATE_INFOPLIST_FILE = YES;
				IPHONEOS_DEPLOYMENT_TARGET = 15.4;
				MARKETING_VERSION = 1.0;
				PRODUCT_BUNDLE_IDENTIFIER = up.MovilityAppTests;
				PRODUCT_NAME = "$(TARGET_NAME)";
				SWIFT_EMIT_LOC_STRINGS = NO;
				SWIFT_VERSION = 5.0;
				TARGETED_DEVICE_FAMILY = "1,2";
				TEST_HOST = "$(BUILT_PRODUCTS_DIR)/MovilityApp.app/MovilityApp";
			};
			name = Debug;
		};
		0950B2B429FD731200E42049 /* Release */ = {
			isa = XCBuildConfiguration;
			buildSettings = {
				ALWAYS_EMBED_SWIFT_STANDARD_LIBRARIES = YES;
				BUNDLE_LOADER = "$(TEST_HOST)";
				CODE_SIGN_STYLE = Automatic;
				CURRENT_PROJECT_VERSION = 1;
				DEVELOPMENT_TEAM = BAHVW2YTLF;
				GENERATE_INFOPLIST_FILE = YES;
				IPHONEOS_DEPLOYMENT_TARGET = 15.4;
				MARKETING_VERSION = 1.0;
				PRODUCT_BUNDLE_IDENTIFIER = up.MovilityAppTests;
				PRODUCT_NAME = "$(TARGET_NAME)";
				SWIFT_EMIT_LOC_STRINGS = NO;
				SWIFT_VERSION = 5.0;
				TARGETED_DEVICE_FAMILY = "1,2";
				TEST_HOST = "$(BUILT_PRODUCTS_DIR)/MovilityApp.app/MovilityApp";
			};
			name = Release;
		};
		0950B2B629FD731200E42049 /* Debug */ = {
			isa = XCBuildConfiguration;
			buildSettings = {
				ALWAYS_EMBED_SWIFT_STANDARD_LIBRARIES = YES;
				CODE_SIGN_STYLE = Automatic;
				CURRENT_PROJECT_VERSION = 1;
				DEVELOPMENT_TEAM = BAHVW2YTLF;
				GENERATE_INFOPLIST_FILE = YES;
				MARKETING_VERSION = 1.0;
				PRODUCT_BUNDLE_IDENTIFIER = up.MovilityAppUITests;
				PRODUCT_NAME = "$(TARGET_NAME)";
				SWIFT_EMIT_LOC_STRINGS = NO;
				SWIFT_VERSION = 5.0;
				TARGETED_DEVICE_FAMILY = "1,2";
				TEST_TARGET_NAME = MovilityApp;
			};
			name = Debug;
		};
		0950B2B729FD731200E42049 /* Release */ = {
			isa = XCBuildConfiguration;
			buildSettings = {
				ALWAYS_EMBED_SWIFT_STANDARD_LIBRARIES = YES;
				CODE_SIGN_STYLE = Automatic;
				CURRENT_PROJECT_VERSION = 1;
				DEVELOPMENT_TEAM = BAHVW2YTLF;
				GENERATE_INFOPLIST_FILE = YES;
				MARKETING_VERSION = 1.0;
				PRODUCT_BUNDLE_IDENTIFIER = up.MovilityAppUITests;
				PRODUCT_NAME = "$(TARGET_NAME)";
				SWIFT_EMIT_LOC_STRINGS = NO;
				SWIFT_VERSION = 5.0;
				TARGETED_DEVICE_FAMILY = "1,2";
				TEST_TARGET_NAME = MovilityApp;
			};
			name = Release;
		};
/* End XCBuildConfiguration section */

/* Begin XCConfigurationList section */
		0950B28129FD730E00E42049 /* Build configuration list for PBXProject "MovilityApp" */ = {
			isa = XCConfigurationList;
			buildConfigurations = (
				0950B2AD29FD731200E42049 /* Debug */,
				0950B2AE29FD731200E42049 /* Release */,
			);
			defaultConfigurationIsVisible = 0;
			defaultConfigurationName = Release;
		};
		0950B2AF29FD731200E42049 /* Build configuration list for PBXNativeTarget "MovilityApp" */ = {
			isa = XCConfigurationList;
			buildConfigurations = (
				0950B2B029FD731200E42049 /* Debug */,
				0950B2B129FD731200E42049 /* Release */,
			);
			defaultConfigurationIsVisible = 0;
			defaultConfigurationName = Release;
		};
		0950B2B229FD731200E42049 /* Build configuration list for PBXNativeTarget "MovilityAppTests" */ = {
			isa = XCConfigurationList;
			buildConfigurations = (
				0950B2B329FD731200E42049 /* Debug */,
				0950B2B429FD731200E42049 /* Release */,
			);
			defaultConfigurationIsVisible = 0;
			defaultConfigurationName = Release;
		};
		0950B2B529FD731200E42049 /* Build configuration list for PBXNativeTarget "MovilityAppUITests" */ = {
			isa = XCConfigurationList;
			buildConfigurations = (
				0950B2B629FD731200E42049 /* Debug */,
				0950B2B729FD731200E42049 /* Release */,
			);
			defaultConfigurationIsVisible = 0;
			defaultConfigurationName = Release;
		};
/* End XCConfigurationList section */
	};
	rootObject = 0950B27E29FD730E00E42049 /* Project object */;
}
